// !$*UTF8*$!
{
	archiveVersion = 1;
	classes = {
	};
	objectVersion = 56;
	objects = {

/* Begin PBXBuildFile section */
		B86BD39A299E868E009D0610 /* Extensions.swift in Sources */ = {isa = PBXBuildFile; fileRef = B86BD399299E868E009D0610 /* Extensions.swift */; };
		B86BD39D299F8438009D0610 /* NoteCollectionViewCell.swift in Sources */ = {isa = PBXBuildFile; fileRef = B86BD39C299F8438009D0610 /* NoteCollectionViewCell.swift */; };
		B86C7988298D43B700F8AB63 /* NotesViewController.swift in Sources */ = {isa = PBXBuildFile; fileRef = B86C7987298D43B700F8AB63 /* NotesViewController.swift */; };
		B86C798A298D51A900F8AB63 /* AddNoteViewController.swift in Sources */ = {isa = PBXBuildFile; fileRef = B86C7989298D51A900F8AB63 /* AddNoteViewController.swift */; };
		B86C798C298D51FA00F8AB63 /* Note.swift in Sources */ = {isa = PBXBuildFile; fileRef = B86C798B298D51FA00F8AB63 /* Note.swift */; };
		B8B192922961F2AE000506CF /* AppDelegate.swift in Sources */ = {isa = PBXBuildFile; fileRef = B8B192912961F2AE000506CF /* AppDelegate.swift */; };
		B8B192942961F2AE000506CF /* SceneDelegate.swift in Sources */ = {isa = PBXBuildFile; fileRef = B8B192932961F2AE000506CF /* SceneDelegate.swift */; };
		B8B192962961F2AE000506CF /* HabitsViewController.swift in Sources */ = {isa = PBXBuildFile; fileRef = B8B192952961F2AE000506CF /* HabitsViewController.swift */; };
		B8B1929B2961F2AE000506CF /* Assets.xcassets in Resources */ = {isa = PBXBuildFile; fileRef = B8B1929A2961F2AE000506CF /* Assets.xcassets */; };
		B8B1929E2961F2AE000506CF /* LaunchScreen.storyboard in Resources */ = {isa = PBXBuildFile; fileRef = B8B1929C2961F2AE000506CF /* LaunchScreen.storyboard */; };
		B8B192A62961F3CB000506CF /* InfoViewController.swift in Sources */ = {isa = PBXBuildFile; fileRef = B8B192A52961F3CB000506CF /* InfoViewController.swift */; };
		B8B192A82961FC1B000506CF /* Habit.swift in Sources */ = {isa = PBXBuildFile; fileRef = B8B192A72961FC1B000506CF /* Habit.swift */; };
		B8B192AF2961FDFA000506CF /* ProgressCollectionViewHeader.swift in Sources */ = {isa = PBXBuildFile; fileRef = B8B192AE2961FDFA000506CF /* ProgressCollectionViewHeader.swift */; };
		B8B192B129624096000506CF /* HabitCollectionViewCell.swift in Sources */ = {isa = PBXBuildFile; fileRef = B8B192B029624096000506CF /* HabitCollectionViewCell.swift */; };
		B8B192B329632431000506CF /* AddHabitViewController.swift in Sources */ = {isa = PBXBuildFile; fileRef = B8B192B229632431000506CF /* AddHabitViewController.swift */; };
		B8B192B529644C31000506CF /* HabitDetailViewController.swift in Sources */ = {isa = PBXBuildFile; fileRef = B8B192B429644C31000506CF /* HabitDetailViewController.swift */; };
		B8B192B7296D6916000506CF /* DateTableViewCell.swift in Sources */ = {isa = PBXBuildFile; fileRef = B8B192B6296D6916000506CF /* DateTableViewCell.swift */; };
		B8B192B9296DCE7F000506CF /* EditHabitViewController.swift in Sources */ = {isa = PBXBuildFile; fileRef = B8B192B8296DCE7F000506CF /* EditHabitViewController.swift */; };
/* End PBXBuildFile section */

/* Begin PBXFileReference section */
		B86BD399299E868E009D0610 /* Extensions.swift */ = {isa = PBXFileReference; lastKnownFileType = sourcecode.swift; path = Extensions.swift; sourceTree = "<group>"; };
		B86BD39C299F8438009D0610 /* NoteCollectionViewCell.swift */ = {isa = PBXFileReference; lastKnownFileType = sourcecode.swift; path = NoteCollectionViewCell.swift; sourceTree = "<group>"; };
		B86C7987298D43B700F8AB63 /* NotesViewController.swift */ = {isa = PBXFileReference; lastKnownFileType = sourcecode.swift; path = NotesViewController.swift; sourceTree = "<group>"; };
		B86C7989298D51A900F8AB63 /* AddNoteViewController.swift */ = {isa = PBXFileReference; lastKnownFileType = sourcecode.swift; path = AddNoteViewController.swift; sourceTree = "<group>"; };
		B86C798B298D51FA00F8AB63 /* Note.swift */ = {isa = PBXFileReference; lastKnownFileType = sourcecode.swift; path = Note.swift; sourceTree = "<group>"; };
		B8B1928E2961F2AE000506CF /* HabitsTracker.app */ = {isa = PBXFileReference; explicitFileType = wrapper.application; includeInIndex = 0; path = HabitsTracker.app; sourceTree = BUILT_PRODUCTS_DIR; };
		B8B192912961F2AE000506CF /* AppDelegate.swift */ = {isa = PBXFileReference; lastKnownFileType = sourcecode.swift; path = AppDelegate.swift; sourceTree = "<group>"; };
		B8B192932961F2AE000506CF /* SceneDelegate.swift */ = {isa = PBXFileReference; lastKnownFileType = sourcecode.swift; path = SceneDelegate.swift; sourceTree = "<group>"; };
		B8B192952961F2AE000506CF /* HabitsViewController.swift */ = {isa = PBXFileReference; lastKnownFileType = sourcecode.swift; path = HabitsViewController.swift; sourceTree = "<group>"; };
		B8B1929A2961F2AE000506CF /* Assets.xcassets */ = {isa = PBXFileReference; lastKnownFileType = folder.assetcatalog; path = Assets.xcassets; sourceTree = "<group>"; };
		B8B1929D2961F2AE000506CF /* Base */ = {isa = PBXFileReference; lastKnownFileType = file.storyboard; name = Base; path = Base.lproj/LaunchScreen.storyboard; sourceTree = "<group>"; };
		B8B1929F2961F2AE000506CF /* Info.plist */ = {isa = PBXFileReference; lastKnownFileType = text.plist.xml; path = Info.plist; sourceTree = "<group>"; };
		B8B192A52961F3CB000506CF /* InfoViewController.swift */ = {isa = PBXFileReference; lastKnownFileType = sourcecode.swift; path = InfoViewController.swift; sourceTree = "<group>"; };
		B8B192A72961FC1B000506CF /* Habit.swift */ = {isa = PBXFileReference; lastKnownFileType = sourcecode.swift; path = Habit.swift; sourceTree = "<group>"; };
		B8B192AE2961FDFA000506CF /* ProgressCollectionViewHeader.swift */ = {isa = PBXFileReference; lastKnownFileType = sourcecode.swift; path = ProgressCollectionViewHeader.swift; sourceTree = "<group>"; };
		B8B192B029624096000506CF /* HabitCollectionViewCell.swift */ = {isa = PBXFileReference; lastKnownFileType = sourcecode.swift; path = HabitCollectionViewCell.swift; sourceTree = "<group>"; };
		B8B192B229632431000506CF /* AddHabitViewController.swift */ = {isa = PBXFileReference; lastKnownFileType = sourcecode.swift; path = AddHabitViewController.swift; sourceTree = "<group>"; };
		B8B192B429644C31000506CF /* HabitDetailViewController.swift */ = {isa = PBXFileReference; lastKnownFileType = sourcecode.swift; path = HabitDetailViewController.swift; sourceTree = "<group>"; };
		B8B192B6296D6916000506CF /* DateTableViewCell.swift */ = {isa = PBXFileReference; lastKnownFileType = sourcecode.swift; path = DateTableViewCell.swift; sourceTree = "<group>"; };
		B8B192B8296DCE7F000506CF /* EditHabitViewController.swift */ = {isa = PBXFileReference; lastKnownFileType = sourcecode.swift; path = EditHabitViewController.swift; sourceTree = "<group>"; };
/* End PBXFileReference section */

/* Begin PBXFrameworksBuildPhase section */
		B8B1928B2961F2AE000506CF /* Frameworks */ = {
			isa = PBXFrameworksBuildPhase;
			buildActionMask = 2147483647;
			files = (
			);
			runOnlyForDeploymentPostprocessing = 0;
		};
/* End PBXFrameworksBuildPhase section */

/* Begin PBXGroup section */
		B86BD395299CEEAA009D0610 /* Habits */ = {
			isa = PBXGroup;
			children = (
				B8B192AD2961FDDB000506CF /* Components */,
				B8B192952961F2AE000506CF /* HabitsViewController.swift */,
				B8B192B429644C31000506CF /* HabitDetailViewController.swift */,
				B8B192B229632431000506CF /* AddHabitViewController.swift */,
				B8B192B8296DCE7F000506CF /* EditHabitViewController.swift */,
			);
			path = Habits;
			sourceTree = "<group>";
		};
		B86BD396299CEEBB009D0610 /* Notes */ = {
			isa = PBXGroup;
			children = (
				B86BD39B299F8405009D0610 /* Components */,
				B86C7987298D43B700F8AB63 /* NotesViewController.swift */,
				B86C7989298D51A900F8AB63 /* AddNoteViewController.swift */,
			);
			path = Notes;
			sourceTree = "<group>";
		};
		B86BD397299CEEC5009D0610 /* Info */ = {
			isa = PBXGroup;
			children = (
				B8B192A52961F3CB000506CF /* InfoViewController.swift */,
			);
			path = Info;
			sourceTree = "<group>";
		};
		B86BD398299E867B009D0610 /* Helpers */ = {
			isa = PBXGroup;
			children = (
				B86BD399299E868E009D0610 /* Extensions.swift */,
			);
			path = Helpers;
			sourceTree = "<group>";
		};
		B86BD39B299F8405009D0610 /* Components */ = {
			isa = PBXGroup;
			children = (
				B86BD39C299F8438009D0610 /* NoteCollectionViewCell.swift */,
			);
			path = Components;
			sourceTree = "<group>";
		};
		B8B192852961F2AE000506CF = {
			isa = PBXGroup;
			children = (
				B8B192902961F2AE000506CF /* HabitsTracker */,
				B8B1928F2961F2AE000506CF /* Products */,
			);
			sourceTree = "<group>";
		};
		B8B1928F2961F2AE000506CF /* Products */ = {
			isa = PBXGroup;
			children = (
				B8B1928E2961F2AE000506CF /* HabitsTracker.app */,
			);
			name = Products;
			sourceTree = "<group>";
		};
		B8B192902961F2AE000506CF /* HabitsTracker */ = {
			isa = PBXGroup;
			children = (
				B8B1929F2961F2AE000506CF /* Info.plist */,
				B8B1929A2961F2AE000506CF /* Assets.xcassets */,
				B8B192AA2961FDAA000506CF /* App */,
				B86BD398299E867B009D0610 /* Helpers */,
				B8B192AC2961FDB7000506CF /* Storyboards */,
				B8B192A92961FD9D000506CF /* View Controllers */,
				B8B192AB2961FDAF000506CF /* Models */,
			);
			path = HabitsTracker;
			sourceTree = "<group>";
		};
		B8B192A92961FD9D000506CF /* View Controllers */ = {
			isa = PBXGroup;
			children = (
				B86BD395299CEEAA009D0610 /* Habits */,
				B86BD396299CEEBB009D0610 /* Notes */,
				B86BD397299CEEC5009D0610 /* Info */,
			);
			path = "View Controllers";
			sourceTree = "<group>";
		};
		B8B192AA2961FDAA000506CF /* App */ = {
			isa = PBXGroup;
			children = (
				B8B192912961F2AE000506CF /* AppDelegate.swift */,
				B8B192932961F2AE000506CF /* SceneDelegate.swift */,
			);
			path = App;
			sourceTree = "<group>";
		};
		B8B192AB2961FDAF000506CF /* Models */ = {
			isa = PBXGroup;
			children = (
				B8B192A72961FC1B000506CF /* Habit.swift */,
				B86C798B298D51FA00F8AB63 /* Note.swift */,
			);
			path = Models;
			sourceTree = "<group>";
		};
		B8B192AC2961FDB7000506CF /* Storyboards */ = {
			isa = PBXGroup;
			children = (
				B8B1929C2961F2AE000506CF /* LaunchScreen.storyboard */,
			);
			path = Storyboards;
			sourceTree = "<group>";
		};
		B8B192AD2961FDDB000506CF /* Components */ = {
			isa = PBXGroup;
			children = (
				B8B192AE2961FDFA000506CF /* ProgressCollectionViewHeader.swift */,
				B8B192B029624096000506CF /* HabitCollectionViewCell.swift */,
				B8B192B6296D6916000506CF /* DateTableViewCell.swift */,
			);
			path = Components;
			sourceTree = "<group>";
		};
/* End PBXGroup section */

/* Begin PBXNativeTarget section */
		B8B1928D2961F2AE000506CF /* HabitsTracker */ = {
			isa = PBXNativeTarget;
			buildConfigurationList = B8B192A22961F2AE000506CF /* Build configuration list for PBXNativeTarget "HabitsTracker" */;
			buildPhases = (
				B8B1928A2961F2AE000506CF /* Sources */,
				B8B1928B2961F2AE000506CF /* Frameworks */,
				B8B1928C2961F2AE000506CF /* Resources */,
			);
			buildRules = (
			);
			dependencies = (
			);
			name = HabitsTracker;
			productName = HabitsTracker;
			productReference = B8B1928E2961F2AE000506CF /* HabitsTracker.app */;
			productType = "com.apple.product-type.application";
		};
/* End PBXNativeTarget section */

/* Begin PBXProject section */
		B8B192862961F2AE000506CF /* Project object */ = {
			isa = PBXProject;
			attributes = {
				BuildIndependentTargetsInParallel = 1;
				LastSwiftUpdateCheck = 1420;
				LastUpgradeCheck = 1420;
				TargetAttributes = {
					B8B1928D2961F2AE000506CF = {
						CreatedOnToolsVersion = 14.2;
					};
				};
			};
			buildConfigurationList = B8B192892961F2AE000506CF /* Build configuration list for PBXProject "HabitsTracker" */;
			compatibilityVersion = "Xcode 14.0";
			developmentRegion = en;
			hasScannedForEncodings = 0;
			knownRegions = (
				en,
				Base,
			);
			mainGroup = B8B192852961F2AE000506CF;
			productRefGroup = B8B1928F2961F2AE000506CF /* Products */;
			projectDirPath = "";
			projectRoot = "";
			targets = (
				B8B1928D2961F2AE000506CF /* HabitsTracker */,
			);
		};
/* End PBXProject section */

/* Begin PBXResourcesBuildPhase section */
		B8B1928C2961F2AE000506CF /* Resources */ = {
			isa = PBXResourcesBuildPhase;
			buildActionMask = 2147483647;
			files = (
				B8B1929E2961F2AE000506CF /* LaunchScreen.storyboard in Resources */,
				B8B1929B2961F2AE000506CF /* Assets.xcassets in Resources */,
			);
			runOnlyForDeploymentPostprocessing = 0;
		};
/* End PBXResourcesBuildPhase section */

/* Begin PBXSourcesBuildPhase section */
		B8B1928A2961F2AE000506CF /* Sources */ = {
			isa = PBXSourcesBuildPhase;
			buildActionMask = 2147483647;
			files = (
				B8B192B529644C31000506CF /* HabitDetailViewController.swift in Sources */,
				B8B192962961F2AE000506CF /* HabitsViewController.swift in Sources */,
				B8B192A82961FC1B000506CF /* Habit.swift in Sources */,
				B8B192B129624096000506CF /* HabitCollectionViewCell.swift in Sources */,
				B86BD39D299F8438009D0610 /* NoteCollectionViewCell.swift in Sources */,
				B8B192AF2961FDFA000506CF /* ProgressCollectionViewHeader.swift in Sources */,
				B86C7988298D43B700F8AB63 /* NotesViewController.swift in Sources */,
				B8B192B7296D6916000506CF /* DateTableViewCell.swift in Sources */,
				B8B192922961F2AE000506CF /* AppDelegate.swift in Sources */,
				B8B192A62961F3CB000506CF /* InfoViewController.swift in Sources */,
				B86C798C298D51FA00F8AB63 /* Note.swift in Sources */,
				B86BD39A299E868E009D0610 /* Extensions.swift in Sources */,
				B86C798A298D51A900F8AB63 /* AddNoteViewController.swift in Sources */,
				B8B192942961F2AE000506CF /* SceneDelegate.swift in Sources */,
				B8B192B9296DCE7F000506CF /* EditHabitViewController.swift in Sources */,
				B8B192B329632431000506CF /* AddHabitViewController.swift in Sources */,
			);
			runOnlyForDeploymentPostprocessing = 0;
		};
/* End PBXSourcesBuildPhase section */

/* Begin PBXVariantGroup section */
		B8B1929C2961F2AE000506CF /* LaunchScreen.storyboard */ = {
			isa = PBXVariantGroup;
			children = (
				B8B1929D2961F2AE000506CF /* Base */,
			);
			name = LaunchScreen.storyboard;
			sourceTree = "<group>";
		};
/* End PBXVariantGroup section */

/* Begin XCBuildConfiguration section */
		B8B192A02961F2AE000506CF /* Debug */ = {
			isa = XCBuildConfiguration;
			buildSettings = {
				ALWAYS_SEARCH_USER_PATHS = NO;
				CLANG_ANALYZER_NONNULL = YES;
				CLANG_ANALYZER_NUMBER_OBJECT_CONVERSION = YES_AGGRESSIVE;
				CLANG_CXX_LANGUAGE_STANDARD = "gnu++20";
				CLANG_ENABLE_MODULES = YES;
				CLANG_ENABLE_OBJC_ARC = YES;
				CLANG_ENABLE_OBJC_WEAK = YES;
				CLANG_WARN_BLOCK_CAPTURE_AUTORELEASING = YES;
				CLANG_WARN_BOOL_CONVERSION = YES;
				CLANG_WARN_COMMA = YES;
				CLANG_WARN_CONSTANT_CONVERSION = YES;
				CLANG_WARN_DEPRECATED_OBJC_IMPLEMENTATIONS = YES;
				CLANG_WARN_DIRECT_OBJC_ISA_USAGE = YES_ERROR;
				CLANG_WARN_DOCUMENTATION_COMMENTS = YES;
				CLANG_WARN_EMPTY_BODY = YES;
				CLANG_WARN_ENUM_CONVERSION = YES;
				CLANG_WARN_INFINITE_RECURSION = YES;
				CLANG_WARN_INT_CONVERSION = YES;
				CLANG_WARN_NON_LITERAL_NULL_CONVERSION = YES;
				CLANG_WARN_OBJC_IMPLICIT_RETAIN_SELF = YES;
				CLANG_WARN_OBJC_LITERAL_CONVERSION = YES;
				CLANG_WARN_OBJC_ROOT_CLASS = YES_ERROR;
				CLANG_WARN_QUOTED_INCLUDE_IN_FRAMEWORK_HEADER = YES;
				CLANG_WARN_RANGE_LOOP_ANALYSIS = YES;
				CLANG_WARN_STRICT_PROTOTYPES = YES;
				CLANG_WARN_SUSPICIOUS_MOVE = YES;
				CLANG_WARN_UNGUARDED_AVAILABILITY = YES_AGGRESSIVE;
				CLANG_WARN_UNREACHABLE_CODE = YES;
				CLANG_WARN__DUPLICATE_METHOD_MATCH = YES;
				COPY_PHASE_STRIP = NO;
				DEBUG_INFORMATION_FORMAT = dwarf;
				ENABLE_STRICT_OBJC_MSGSEND = YES;
				ENABLE_TESTABILITY = YES;
				GCC_C_LANGUAGE_STANDARD = gnu11;
				GCC_DYNAMIC_NO_PIC = NO;
				GCC_NO_COMMON_BLOCKS = YES;
				GCC_OPTIMIZATION_LEVEL = 0;
				GCC_PREPROCESSOR_DEFINITIONS = (
					"DEBUG=1",
					"$(inherited)",
				);
				GCC_WARN_64_TO_32_BIT_CONVERSION = YES;
				GCC_WARN_ABOUT_RETURN_TYPE = YES_ERROR;
				GCC_WARN_UNDECLARED_SELECTOR = YES;
				GCC_WARN_UNINITIALIZED_AUTOS = YES_AGGRESSIVE;
				GCC_WARN_UNUSED_FUNCTION = YES;
				GCC_WARN_UNUSED_VARIABLE = YES;
				IPHONEOS_DEPLOYMENT_TARGET = 16.2;
				MTL_ENABLE_DEBUG_INFO = INCLUDE_SOURCE;
				MTL_FAST_MATH = YES;
				ONLY_ACTIVE_ARCH = YES;
				SDKROOT = iphoneos;
				SWIFT_ACTIVE_COMPILATION_CONDITIONS = DEBUG;
				SWIFT_OPTIMIZATION_LEVEL = "-Onone";
			};
			name = Debug;
		};
		B8B192A12961F2AE000506CF /* Release */ = {
			isa = XCBuildConfiguration;
			buildSettings = {
				ALWAYS_SEARCH_USER_PATHS = NO;
				CLANG_ANALYZER_NONNULL = YES;
				CLANG_ANALYZER_NUMBER_OBJECT_CONVERSION = YES_AGGRESSIVE;
				CLANG_CXX_LANGUAGE_STANDARD = "gnu++20";
				CLANG_ENABLE_MODULES = YES;
				CLANG_ENABLE_OBJC_ARC = YES;
				CLANG_ENABLE_OBJC_WEAK = YES;
				CLANG_WARN_BLOCK_CAPTURE_AUTORELEASING = YES;
				CLANG_WARN_BOOL_CONVERSION = YES;
				CLANG_WARN_COMMA = YES;
				CLANG_WARN_CONSTANT_CONVERSION = YES;
				CLANG_WARN_DEPRECATED_OBJC_IMPLEMENTATIONS = YES;
				CLANG_WARN_DIRECT_OBJC_ISA_USAGE = YES_ERROR;
				CLANG_WARN_DOCUMENTATION_COMMENTS = YES;
				CLANG_WARN_EMPTY_BODY = YES;
				CLANG_WARN_ENUM_CONVERSION = YES;
				CLANG_WARN_INFINITE_RECURSION = YES;
				CLANG_WARN_INT_CONVERSION = YES;
				CLANG_WARN_NON_LITERAL_NULL_CONVERSION = YES;
				CLANG_WARN_OBJC_IMPLICIT_RETAIN_SELF = YES;
				CLANG_WARN_OBJC_LITERAL_CONVERSION = YES;
				CLANG_WARN_OBJC_ROOT_CLASS = YES_ERROR;
				CLANG_WARN_QUOTED_INCLUDE_IN_FRAMEWORK_HEADER = YES;
				CLANG_WARN_RANGE_LOOP_ANALYSIS = YES;
				CLANG_WARN_STRICT_PROTOTYPES = YES;
				CLANG_WARN_SUSPICIOUS_MOVE = YES;
				CLANG_WARN_UNGUARDED_AVAILABILITY = YES_AGGRESSIVE;
				CLANG_WARN_UNREACHABLE_CODE = YES;
				CLANG_WARN__DUPLICATE_METHOD_MATCH = YES;
				COPY_PHASE_STRIP = NO;
				DEBUG_INFORMATION_FORMAT = "dwarf-with-dsym";
				ENABLE_NS_ASSERTIONS = NO;
				ENABLE_STRICT_OBJC_MSGSEND = YES;
				GCC_C_LANGUAGE_STANDARD = gnu11;
				GCC_NO_COMMON_BLOCKS = YES;
				GCC_WARN_64_TO_32_BIT_CONVERSION = YES;
				GCC_WARN_ABOUT_RETURN_TYPE = YES_ERROR;
				GCC_WARN_UNDECLARED_SELECTOR = YES;
				GCC_WARN_UNINITIALIZED_AUTOS = YES_AGGRESSIVE;
				GCC_WARN_UNUSED_FUNCTION = YES;
				GCC_WARN_UNUSED_VARIABLE = YES;
				IPHONEOS_DEPLOYMENT_TARGET = 16.2;
				MTL_ENABLE_DEBUG_INFO = NO;
				MTL_FAST_MATH = YES;
				SDKROOT = iphoneos;
				SWIFT_COMPILATION_MODE = wholemodule;
				SWIFT_OPTIMIZATION_LEVEL = "-O";
				VALIDATE_PRODUCT = YES;
			};
			name = Release;
		};
		B8B192A32961F2AE000506CF /* Debug */ = {
			isa = XCBuildConfiguration;
			buildSettings = {
				ASSETCATALOG_COMPILER_APPICON_NAME = AppIcon;
				ASSETCATALOG_COMPILER_GLOBAL_ACCENT_COLOR_NAME = AccentColor;
				CODE_SIGN_STYLE = Automatic;
				CURRENT_PROJECT_VERSION = 1;
				DEVELOPMENT_TEAM = S3FDYF8UUF;
				GENERATE_INFOPLIST_FILE = YES;
				INFOPLIST_FILE = HabitsTracker/Info.plist;
				INFOPLIST_KEY_UIApplicationSupportsIndirectInputEvents = YES;
				INFOPLIST_KEY_UILaunchStoryboardName = LaunchScreen;
				INFOPLIST_KEY_UIStatusBarStyle = UIStatusBarStyleLightContent;
				INFOPLIST_KEY_UISupportedInterfaceOrientations_iPad = "UIInterfaceOrientationPortrait UIInterfaceOrientationPortraitUpsideDown UIInterfaceOrientationLandscapeLeft UIInterfaceOrientationLandscapeRight";
				INFOPLIST_KEY_UISupportedInterfaceOrientations_iPhone = "UIInterfaceOrientationPortrait UIInterfaceOrientationLandscapeLeft UIInterfaceOrientationLandscapeRight";
				LD_RUNPATH_SEARCH_PATHS = (
					"$(inherited)",
					"@executable_path/Frameworks",
				);
				MARKETING_VERSION = 1.0;
				PRODUCT_BUNDLE_IDENTIFIER = "nu-shtosh.HabitsTracker";
				PRODUCT_NAME = "$(TARGET_NAME)";
				SUPPORTED_PLATFORMS = "iphoneos iphonesimulator";
				SUPPORTS_MACCATALYST = NO;
				SUPPORTS_MAC_DESIGNED_FOR_IPHONE_IPAD = NO;
				SWIFT_EMIT_LOC_STRINGS = YES;
				SWIFT_VERSION = 5.0;
				TARGETED_DEVICE_FAMILY = "1,2";
			};
			name = Debug;
		};
		B8B192A42961F2AE000506CF /* Release */ = {
			isa = XCBuildConfiguration;
			buildSettings = {
				ASSETCATALOG_COMPILER_APPICON_NAME = AppIcon;
				ASSETCATALOG_COMPILER_GLOBAL_ACCENT_COLOR_NAME = AccentColor;
				CODE_SIGN_STYLE = Automatic;
				CURRENT_PROJECT_VERSION = 1;
				DEVELOPMENT_TEAM = S3FDYF8UUF;
				GENERATE_INFOPLIST_FILE = YES;
				INFOPLIST_FILE = HabitsTracker/Info.plist;
				INFOPLIST_KEY_UIApplicationSupportsIndirectInputEvents = YES;
				INFOPLIST_KEY_UILaunchStoryboardName = LaunchScreen;
				INFOPLIST_KEY_UIStatusBarStyle = UIStatusBarStyleLightContent;
				INFOPLIST_KEY_UISupportedInterfaceOrientations_iPad = "UIInterfaceOrientationPortrait UIInterfaceOrientationPortraitUpsideDown UIInterfaceOrientationLandscapeLeft UIInterfaceOrientationLandscapeRight";
				INFOPLIST_KEY_UISupportedInterfaceOrientations_iPhone = "UIInterfaceOrientationPortrait UIInterfaceOrientationLandscapeLeft UIInterfaceOrientationLandscapeRight";
				LD_RUNPATH_SEARCH_PATHS = (
					"$(inherited)",
					"@executable_path/Frameworks",
				);
				MARKETING_VERSION = 1.0;
				PRODUCT_BUNDLE_IDENTIFIER = "nu-shtosh.HabitsTracker";
				PRODUCT_NAME = "$(TARGET_NAME)";
				SUPPORTED_PLATFORMS = "iphoneos iphonesimulator";
				SUPPORTS_MACCATALYST = NO;
				SUPPORTS_MAC_DESIGNED_FOR_IPHONE_IPAD = NO;
				SWIFT_EMIT_LOC_STRINGS = YES;
				SWIFT_VERSION = 5.0;
				TARGETED_DEVICE_FAMILY = "1,2";
			};
			name = Release;
		};
/* End XCBuildConfiguration section */

/* Begin XCConfigurationList section */
		B8B192892961F2AE000506CF /* Build configuration list for PBXProject "HabitsTracker" */ = {
			isa = XCConfigurationList;
			buildConfigurations = (
				B8B192A02961F2AE000506CF /* Debug */,
				B8B192A12961F2AE000506CF /* Release */,
			);
			defaultConfigurationIsVisible = 0;
			defaultConfigurationName = Release;
		};
		B8B192A22961F2AE000506CF /* Build configuration list for PBXNativeTarget "HabitsTracker" */ = {
			isa = XCConfigurationList;
			buildConfigurations = (
				B8B192A32961F2AE000506CF /* Debug */,
				B8B192A42961F2AE000506CF /* Release */,
			);
			defaultConfigurationIsVisible = 0;
			defaultConfigurationName = Release;
		};
/* End XCConfigurationList section */
	};
	rootObject = B8B192862961F2AE000506CF /* Project object */;
}
